
Microsoft Visual Studio Solution File, Format Version 11.00
# Visual Studio 2010
Project("{FAE04EC0-301F-11D3-BF4B-00C04F79EFBC}") = "BackgroundJobs", "BackgroundJobs.csproj", "{62B12806-4796-4355-AF54-FEE28B4D6C90}"
EndProject
Global
	GlobalSection(SolutionConfigurationPlatforms) = preSolution
		Debug|Any CPU = Debug|Any CPU
		Release|Any CPU = Release|Any CPU
	EndGlobalSection
	GlobalSection(ProjectConfigurationPlatforms) = postSolution
		{62B12806-4796-4355-AF54-FEE28B4D6C90}.Debug|Any CPU.ActiveCfg = Debug|Any CPU
		{62B12806-4796-4355-AF54-FEE28B4D6C90}.Debug|Any CPU.Build.0 = Debug|Any CPU
		{62B12806-4796-4355-AF54-FEE28B4D6C90}.Release|Any CPU.ActiveCfg = Release|Any CPU
		{62B12806-4796-4355-AF54-FEE28B4D6C90}.Release|Any CPU.Build.0 = Release|Any CPU
	EndGlobalSection
	GlobalSection(SolutionProperties) = preSolution
		HideSolutionNode = FALSE
	EndGlobalSection
EndGlobal
